// !$*UTF8*$!
{
	archiveVersion = 1;
	classes = {
	};
	objectVersion = 51;
	objects = {

/* Begin PBXBuildFile section */
		34B7FF75054EEF67E604E1BF /* Pods_Stormy.framework in Frameworks */ = {isa = PBXBuildFile; fileRef = DA63411366A07B8EB27485A1 /* Pods_Stormy.framework */; };
		9601DB402316AB300052536D /* CurrentWeather.swift in Sources */ = {isa = PBXBuildFile; fileRef = 9601DB3F2316AB300052536D /* CurrentWeather.swift */; };
		960BD088231FB581008FE3F7 /* Weather.swift in Sources */ = {isa = PBXBuildFile; fileRef = 960BD087231FB581008FE3F7 /* Weather.swift */; };
		962E307F2327B9D00017DB0C /* NetworkingService.swift in Sources */ = {isa = PBXBuildFile; fileRef = 962E307E2327B9D00017DB0C /* NetworkingService.swift */; };
		96611E4E231D59BD00BC4914 /* DarkSkyError.swift in Sources */ = {isa = PBXBuildFile; fileRef = 96611E4D231D59BD00BC4914 /* DarkSkyError.swift */; };
		967C8828231E822700A334E8 /* DarkSkyApiClient.swift in Sources */ = {isa = PBXBuildFile; fileRef = 967C8827231E822700A334E8 /* DarkSkyApiClient.swift */; };
		967C882A231E863A00A334E8 /* Cordinate.swift in Sources */ = {isa = PBXBuildFile; fileRef = 967C8829231E863A00A334E8 /* Cordinate.swift */; };
		968AB47D232252E700C93CA1 /* SearchViewController.swift in Sources */ = {isa = PBXBuildFile; fileRef = 968AB47C232252E700C93CA1 /* SearchViewController.swift */; };
		968AB4802322606700C93CA1 /* Constants.swift in Sources */ = {isa = PBXBuildFile; fileRef = 968AB47F2322606700C93CA1 /* Constants.swift */; };
		968AB482232264DB00C93CA1 /* GeoCodingApiClient.swift in Sources */ = {isa = PBXBuildFile; fileRef = 968AB481232264DB00C93CA1 /* GeoCodingApiClient.swift */; };
		968AB48423227C6200C93CA1 /* Place.swift in Sources */ = {isa = PBXBuildFile; fileRef = 968AB48323227C6200C93CA1 /* Place.swift */; };
		968AB48623227F8200C93CA1 /* Results.swift in Sources */ = {isa = PBXBuildFile; fileRef = 968AB48523227F8200C93CA1 /* Results.swift */; };
		969784AF2317FE480037BA48 /* CurrentWeatherViewModel.swift in Sources */ = {isa = PBXBuildFile; fileRef = 969784AE2317FE480037BA48 /* CurrentWeatherViewModel.swift */; };
		972470AF20A27F0000050DF7 /* AppDelegate.swift in Sources */ = {isa = PBXBuildFile; fileRef = 972470AE20A27F0000050DF7 /* AppDelegate.swift */; };
		972470B120A27F0000050DF7 /* ViewController.swift in Sources */ = {isa = PBXBuildFile; fileRef = 972470B020A27F0000050DF7 /* ViewController.swift */; };
		972470B420A27F0000050DF7 /* Main.storyboard in Resources */ = {isa = PBXBuildFile; fileRef = 972470B220A27F0000050DF7 /* Main.storyboard */; };
		972470B620A27F0100050DF7 /* Assets.xcassets in Resources */ = {isa = PBXBuildFile; fileRef = 972470B520A27F0100050DF7 /* Assets.xcassets */; };
		972470B920A27F0100050DF7 /* LaunchScreen.storyboard in Resources */ = {isa = PBXBuildFile; fileRef = 972470B720A27F0100050DF7 /* LaunchScreen.storyboard */; };
/* End PBXBuildFile section */

/* Begin PBXFileReference section */
		9601DB3F2316AB300052536D /* CurrentWeather.swift */ = {isa = PBXFileReference; lastKnownFileType = sourcecode.swift; path = CurrentWeather.swift; sourceTree = "<group>"; };
		960BD087231FB581008FE3F7 /* Weather.swift */ = {isa = PBXFileReference; lastKnownFileType = sourcecode.swift; path = Weather.swift; sourceTree = "<group>"; };
		962E307E2327B9D00017DB0C /* NetworkingService.swift */ = {isa = PBXFileReference; lastKnownFileType = sourcecode.swift; path = NetworkingService.swift; sourceTree = "<group>"; };
		96611E4D231D59BD00BC4914 /* DarkSkyError.swift */ = {isa = PBXFileReference; lastKnownFileType = sourcecode.swift; path = DarkSkyError.swift; sourceTree = "<group>"; };
		967C8827231E822700A334E8 /* DarkSkyApiClient.swift */ = {isa = PBXFileReference; lastKnownFileType = sourcecode.swift; path = DarkSkyApiClient.swift; sourceTree = "<group>"; };
		967C8829231E863A00A334E8 /* Cordinate.swift */ = {isa = PBXFileReference; lastKnownFileType = sourcecode.swift; path = Cordinate.swift; sourceTree = "<group>"; };
		968AB47C232252E700C93CA1 /* SearchViewController.swift */ = {isa = PBXFileReference; lastKnownFileType = sourcecode.swift; path = SearchViewController.swift; sourceTree = "<group>"; };
		968AB47F2322606700C93CA1 /* Constants.swift */ = {isa = PBXFileReference; lastKnownFileType = sourcecode.swift; path = Constants.swift; sourceTree = "<group>"; };
		968AB481232264DB00C93CA1 /* GeoCodingApiClient.swift */ = {isa = PBXFileReference; lastKnownFileType = sourcecode.swift; path = GeoCodingApiClient.swift; sourceTree = "<group>"; };
		968AB48323227C6200C93CA1 /* Place.swift */ = {isa = PBXFileReference; lastKnownFileType = sourcecode.swift; path = Place.swift; sourceTree = "<group>"; };
		968AB48523227F8200C93CA1 /* Results.swift */ = {isa = PBXFileReference; lastKnownFileType = sourcecode.swift; path = Results.swift; sourceTree = "<group>"; };
		969784AE2317FE480037BA48 /* CurrentWeatherViewModel.swift */ = {isa = PBXFileReference; lastKnownFileType = sourcecode.swift; path = CurrentWeatherViewModel.swift; sourceTree = "<group>"; };
		972470AB20A27F0000050DF7 /* Stormy.app */ = {isa = PBXFileReference; explicitFileType = wrapper.application; includeInIndex = 0; path = Stormy.app; sourceTree = BUILT_PRODUCTS_DIR; };
		972470AE20A27F0000050DF7 /* AppDelegate.swift */ = {isa = PBXFileReference; lastKnownFileType = sourcecode.swift; path = AppDelegate.swift; sourceTree = "<group>"; };
		972470B020A27F0000050DF7 /* ViewController.swift */ = {isa = PBXFileReference; lastKnownFileType = sourcecode.swift; path = ViewController.swift; sourceTree = "<group>"; };
		972470B320A27F0000050DF7 /* Base */ = {isa = PBXFileReference; lastKnownFileType = file.storyboard; name = Base; path = Base.lproj/Main.storyboard; sourceTree = "<group>"; };
		972470B520A27F0100050DF7 /* Assets.xcassets */ = {isa = PBXFileReference; lastKnownFileType = folder.assetcatalog; path = Assets.xcassets; sourceTree = "<group>"; };
		972470B820A27F0100050DF7 /* Base */ = {isa = PBXFileReference; lastKnownFileType = file.storyboard; name = Base; path = Base.lproj/LaunchScreen.storyboard; sourceTree = "<group>"; };
		972470BA20A27F0100050DF7 /* Info.plist */ = {isa = PBXFileReference; lastKnownFileType = text.plist.xml; path = Info.plist; sourceTree = "<group>"; };
		CF900A1CE28D22F29E816962 /* Pods-Stormy.release.xcconfig */ = {isa = PBXFileReference; includeInIndex = 1; lastKnownFileType = text.xcconfig; name = "Pods-Stormy.release.xcconfig"; path = "Target Support Files/Pods-Stormy/Pods-Stormy.release.xcconfig"; sourceTree = "<group>"; };
		DA63411366A07B8EB27485A1 /* Pods_Stormy.framework */ = {isa = PBXFileReference; explicitFileType = wrapper.framework; includeInIndex = 0; path = Pods_Stormy.framework; sourceTree = BUILT_PRODUCTS_DIR; };
		F5CF389AEFFA9F85E06EAC04 /* Pods-Stormy.debug.xcconfig */ = {isa = PBXFileReference; includeInIndex = 1; lastKnownFileType = text.xcconfig; name = "Pods-Stormy.debug.xcconfig"; path = "Target Support Files/Pods-Stormy/Pods-Stormy.debug.xcconfig"; sourceTree = "<group>"; };
/* End PBXFileReference section */

/* Begin PBXFrameworksBuildPhase section */
		972470A820A27F0000050DF7 /* Frameworks */ = {
			isa = PBXFrameworksBuildPhase;
			buildActionMask = 2147483647;
			files = (
				34B7FF75054EEF67E604E1BF /* Pods_Stormy.framework in Frameworks */,
			);
			runOnlyForDeploymentPostprocessing = 0;
		};
/* End PBXFrameworksBuildPhase section */

/* Begin PBXGroup section */
		210DFC42822019898DD1DA79 /* Pods */ = {
			isa = PBXGroup;
			children = (
				F5CF389AEFFA9F85E06EAC04 /* Pods-Stormy.debug.xcconfig */,
				CF900A1CE28D22F29E816962 /* Pods-Stormy.release.xcconfig */,
			);
			path = Pods;
			sourceTree = "<group>";
		};
		64FC6770898AFBD52C824DFC /* Frameworks */ = {
			isa = PBXGroup;
			children = (
				DA63411366A07B8EB27485A1 /* Pods_Stormy.framework */,
			);
			name = Frameworks;
			sourceTree = "<group>";
		};
		960BD08B23212DBC008FE3F7 /* Controller */ = {
			isa = PBXGroup;
			children = (
				972470AE20A27F0000050DF7 /* AppDelegate.swift */,
				972470B020A27F0000050DF7 /* ViewController.swift */,
				968AB47C232252E700C93CA1 /* SearchViewController.swift */,
			);
			path = Controller;
			sourceTree = "<group>";
		};
		960BD08C23212DC9008FE3F7 /* ViewModel */ = {
			isa = PBXGroup;
			children = (
				969784AE2317FE480037BA48 /* CurrentWeatherViewModel.swift */,
			);
			path = ViewModel;
			sourceTree = "<group>";
		};
		960BD08D23212DD4008FE3F7 /* Model */ = {
			isa = PBXGroup;
			children = (
				967C8829231E863A00A334E8 /* Cordinate.swift */,
				9601DB3F2316AB300052536D /* CurrentWeather.swift */,
				960BD087231FB581008FE3F7 /* Weather.swift */,
				968AB48323227C6200C93CA1 /* Place.swift */,
				968AB48523227F8200C93CA1 /* Results.swift */,
			);
			path = Model;
			sourceTree = "<group>";
		};
		960BD08E23212DDB008FE3F7 /* StubData */ = {
			isa = PBXGroup;
			children = (
			);
			path = StubData;
			sourceTree = "<group>";
		};
		960BD08F23212DE9008FE3F7 /* API */ = {
			isa = PBXGroup;
			children = (
				96611E4D231D59BD00BC4914 /* DarkSkyError.swift */,
				967C8827231E822700A334E8 /* DarkSkyApiClient.swift */,
				968AB481232264DB00C93CA1 /* GeoCodingApiClient.swift */,
				962E307E2327B9D00017DB0C /* NetworkingService.swift */,
			);
			path = API;
			sourceTree = "<group>";
		};
		968AB47B232248AE00C93CA1 /* Storyboard */ = {
			isa = PBXGroup;
			children = (
				972470B220A27F0000050DF7 /* Main.storyboard */,
				972470B720A27F0100050DF7 /* LaunchScreen.storyboard */,
			);
			path = Storyboard;
			sourceTree = "<group>";
		};
		968AB47E2322605900C93CA1 /* Constants */ = {
			isa = PBXGroup;
			children = (
				968AB47F2322606700C93CA1 /* Constants.swift */,
			);
			path = Constants;
			sourceTree = "<group>";
		};
		972470A220A27F0000050DF7 = {
			isa = PBXGroup;
			children = (
				972470AD20A27F0000050DF7 /* Stormy */,
				972470AC20A27F0000050DF7 /* Products */,
				210DFC42822019898DD1DA79 /* Pods */,
				64FC6770898AFBD52C824DFC /* Frameworks */,
			);
			sourceTree = "<group>";
		};
		972470AC20A27F0000050DF7 /* Products */ = {
			isa = PBXGroup;
			children = (
				972470AB20A27F0000050DF7 /* Stormy.app */,
			);
			name = Products;
			sourceTree = "<group>";
		};
		972470AD20A27F0000050DF7 /* Stormy */ = {
			isa = PBXGroup;
			children = (
				968AB47E2322605900C93CA1 /* Constants */,
				968AB47B232248AE00C93CA1 /* Storyboard */,
				960BD08F23212DE9008FE3F7 /* API */,
				960BD08E23212DDB008FE3F7 /* StubData */,
				960BD08D23212DD4008FE3F7 /* Model */,
				960BD08C23212DC9008FE3F7 /* ViewModel */,
				960BD08B23212DBC008FE3F7 /* Controller */,
				972470B520A27F0100050DF7 /* Assets.xcassets */,
				972470BA20A27F0100050DF7 /* Info.plist */,
			);
			path = Stormy;
			sourceTree = "<group>";
		};
/* End PBXGroup section */

/* Begin PBXNativeTarget section */
		972470AA20A27F0000050DF7 /* Stormy */ = {
			isa = PBXNativeTarget;
			buildConfigurationList = 972470BD20A27F0100050DF7 /* Build configuration list for PBXNativeTarget "Stormy" */;
			buildPhases = (
				BFFFBE18CB3D5AA97002ADC1 /* [CP] Check Pods Manifest.lock */,
				972470A720A27F0000050DF7 /* Sources */,
				972470A820A27F0000050DF7 /* Frameworks */,
				972470A920A27F0000050DF7 /* Resources */,
				3772328ACC3FB2466FE374CF /* [CP] Embed Pods Frameworks */,
			);
			buildRules = (
			);
			dependencies = (
			);
			name = Stormy;
			productName = Stormy;
			productReference = 972470AB20A27F0000050DF7 /* Stormy.app */;
			productType = "com.apple.product-type.application";
		};
/* End PBXNativeTarget section */

/* Begin PBXProject section */
		972470A320A27F0000050DF7 /* Project object */ = {
			isa = PBXProject;
			attributes = {
				LastSwiftUpdateCheck = 0930;
				LastUpgradeCheck = 0930;
				ORGANIZATIONNAME = Treehouse;
				TargetAttributes = {
					972470AA20A27F0000050DF7 = {
						CreatedOnToolsVersion = 9.3;
					};
				};
			};
			buildConfigurationList = 972470A620A27F0000050DF7 /* Build configuration list for PBXProject "Stormy" */;
			compatibilityVersion = "Xcode 9.3";
			developmentRegion = en;
			hasScannedForEncodings = 0;
			knownRegions = (
				en,
				Base,
			);
			mainGroup = 972470A220A27F0000050DF7;
			productRefGroup = 972470AC20A27F0000050DF7 /* Products */;
			projectDirPath = "";
			projectRoot = "";
			targets = (
				972470AA20A27F0000050DF7 /* Stormy */,
			);
		};
/* End PBXProject section */

/* Begin PBXResourcesBuildPhase section */
		972470A920A27F0000050DF7 /* Resources */ = {
			isa = PBXResourcesBuildPhase;
			buildActionMask = 2147483647;
			files = (
				972470B920A27F0100050DF7 /* LaunchScreen.storyboard in Resources */,
				972470B620A27F0100050DF7 /* Assets.xcassets in Resources */,
				972470B420A27F0000050DF7 /* Main.storyboard in Resources */,
			);
			runOnlyForDeploymentPostprocessing = 0;
		};
/* End PBXResourcesBuildPhase section */

/* Begin PBXShellScriptBuildPhase section */
		3772328ACC3FB2466FE374CF /* [CP] Embed Pods Frameworks */ = {
			isa = PBXShellScriptBuildPhase;
			buildActionMask = 2147483647;
			files = (
			);
			inputFileListPaths = (
				"${PODS_ROOT}/Target Support Files/Pods-Stormy/Pods-Stormy-frameworks-${CONFIGURATION}-input-files.xcfilelist",
			);
			name = "[CP] Embed Pods Frameworks";
			outputFileListPaths = (
				"${PODS_ROOT}/Target Support Files/Pods-Stormy/Pods-Stormy-frameworks-${CONFIGURATION}-output-files.xcfilelist",
			);
			runOnlyForDeploymentPostprocessing = 0;
			shellPath = /bin/sh;
			shellScript = "\"${PODS_ROOT}/Target Support Files/Pods-Stormy/Pods-Stormy-frameworks.sh\"\n";
			showEnvVarsInLog = 0;
		};
		BFFFBE18CB3D5AA97002ADC1 /* [CP] Check Pods Manifest.lock */ = {
			isa = PBXShellScriptBuildPhase;
			buildActionMask = 2147483647;
			files = (
			);
			inputFileListPaths = (
			);
			inputPaths = (
				"${PODS_PODFILE_DIR_PATH}/Podfile.lock",
				"${PODS_ROOT}/Manifest.lock",
			);
			name = "[CP] Check Pods Manifest.lock";
			outputFileListPaths = (
			);
			outputPaths = (
				"$(DERIVED_FILE_DIR)/Pods-Stormy-checkManifestLockResult.txt",
			);
			runOnlyForDeploymentPostprocessing = 0;
			shellPath = /bin/sh;
			shellScript = "diff \"${PODS_PODFILE_DIR_PATH}/Podfile.lock\" \"${PODS_ROOT}/Manifest.lock\" > /dev/null\nif [ $? != 0 ] ; then\n    # print error to STDERR\n    echo \"error: The sandbox is not in sync with the Podfile.lock. Run 'pod install' or update your CocoaPods installation.\" >&2\n    exit 1\nfi\n# This output is used by Xcode 'outputs' to avoid re-running this script phase.\necho \"SUCCESS\" > \"${SCRIPT_OUTPUT_FILE_0}\"\n";
			showEnvVarsInLog = 0;
		};
/* End PBXShellScriptBuildPhase section */

/* Begin PBXSourcesBuildPhase section */
		972470A720A27F0000050DF7 /* Sources */ = {
			isa = PBXSourcesBuildPhase;
			buildActionMask = 2147483647;
			files = (
				968AB482232264DB00C93CA1 /* GeoCodingApiClient.swift in Sources */,
				972470B120A27F0000050DF7 /* ViewController.swift in Sources */,
				9601DB402316AB300052536D /* CurrentWeather.swift in Sources */,
				968AB48423227C6200C93CA1 /* Place.swift in Sources */,
				96611E4E231D59BD00BC4914 /* DarkSkyError.swift in Sources */,
				962E307F2327B9D00017DB0C /* NetworkingService.swift in Sources */,
				968AB47D232252E700C93CA1 /* SearchViewController.swift in Sources */,
				967C882A231E863A00A334E8 /* Cordinate.swift in Sources */,
				968AB4802322606700C93CA1 /* Constants.swift in Sources */,
				960BD088231FB581008FE3F7 /* Weather.swift in Sources */,
				968AB48623227F8200C93CA1 /* Results.swift in Sources */,
				967C8828231E822700A334E8 /* DarkSkyApiClient.swift in Sources */,
				972470AF20A27F0000050DF7 /* AppDelegate.swift in Sources */,
				969784AF2317FE480037BA48 /* CurrentWeatherViewModel.swift in Sources */,
			);
			runOnlyForDeploymentPostprocessing = 0;
		};
/* End PBXSourcesBuildPhase section */

/* Begin PBXVariantGroup section */
		972470B220A27F0000050DF7 /* Main.storyboard */ = {
			isa = PBXVariantGroup;
			children = (
				972470B320A27F0000050DF7 /* Base */,
			);
			name = Main.storyboard;
			sourceTree = "<group>";
		};
		972470B720A27F0100050DF7 /* LaunchScreen.storyboard */ = {
			isa = PBXVariantGroup;
			children = (
				972470B820A27F0100050DF7 /* Base */,
			);
			name = LaunchScreen.storyboard;
			sourceTree = "<group>";
		};
/* End PBXVariantGroup section */

/* Begin XCBuildConfiguration section */
		972470BB20A27F0100050DF7 /* Debug */ = {
			isa = XCBuildConfiguration;
			buildSettings = {
				ALWAYS_SEARCH_USER_PATHS = NO;
				CLANG_ANALYZER_NONNULL = YES;
				CLANG_ANALYZER_NUMBER_OBJECT_CONVERSION = YES_AGGRESSIVE;
				CLANG_CXX_LANGUAGE_STANDARD = "gnu++14";
				CLANG_CXX_LIBRARY = "libc++";
				CLANG_ENABLE_MODULES = YES;
				CLANG_ENABLE_OBJC_ARC = YES;
				CLANG_ENABLE_OBJC_WEAK = YES;
				CLANG_WARN_BLOCK_CAPTURE_AUTORELEASING = YES;
				CLANG_WARN_BOOL_CONVERSION = YES;
				CLANG_WARN_COMMA = YES;
				CLANG_WARN_CONSTANT_CONVERSION = YES;
				CLANG_WARN_DEPRECATED_OBJC_IMPLEMENTATIONS = YES;
				CLANG_WARN_DIRECT_OBJC_ISA_USAGE = YES_ERROR;
				CLANG_WARN_DOCUMENTATION_COMMENTS = YES;
				CLANG_WARN_EMPTY_BODY = YES;
				CLANG_WARN_ENUM_CONVERSION = YES;
				CLANG_WARN_INFINITE_RECURSION = YES;
				CLANG_WARN_INT_CONVERSION = YES;
				CLANG_WARN_NON_LITERAL_NULL_CONVERSION = YES;
				CLANG_WARN_OBJC_IMPLICIT_RETAIN_SELF = YES;
				CLANG_WARN_OBJC_LITERAL_CONVERSION = YES;
				CLANG_WARN_OBJC_ROOT_CLASS = YES_ERROR;
				CLANG_WARN_RANGE_LOOP_ANALYSIS = YES;
				CLANG_WARN_STRICT_PROTOTYPES = YES;
				CLANG_WARN_SUSPICIOUS_MOVE = YES;
				CLANG_WARN_UNGUARDED_AVAILABILITY = YES_AGGRESSIVE;
				CLANG_WARN_UNREACHABLE_CODE = YES;
				CLANG_WARN__DUPLICATE_METHOD_MATCH = YES;
				CODE_SIGN_IDENTITY = "iPhone Developer";
				COPY_PHASE_STRIP = NO;
				DEBUG_INFORMATION_FORMAT = dwarf;
				ENABLE_STRICT_OBJC_MSGSEND = YES;
				ENABLE_TESTABILITY = YES;
				GCC_C_LANGUAGE_STANDARD = gnu11;
				GCC_DYNAMIC_NO_PIC = NO;
				GCC_NO_COMMON_BLOCKS = YES;
				GCC_OPTIMIZATION_LEVEL = 0;
				GCC_PREPROCESSOR_DEFINITIONS = (
					"DEBUG=1",
					"$(inherited)",
				);
				GCC_WARN_64_TO_32_BIT_CONVERSION = YES;
				GCC_WARN_ABOUT_RETURN_TYPE = YES_ERROR;
				GCC_WARN_UNDECLARED_SELECTOR = YES;
				GCC_WARN_UNINITIALIZED_AUTOS = YES_AGGRESSIVE;
				GCC_WARN_UNUSED_FUNCTION = YES;
				GCC_WARN_UNUSED_VARIABLE = YES;
				IPHONEOS_DEPLOYMENT_TARGET = 11.3;
				MTL_ENABLE_DEBUG_INFO = YES;
				ONLY_ACTIVE_ARCH = YES;
				SDKROOT = iphoneos;
				SWIFT_ACTIVE_COMPILATION_CONDITIONS = DEBUG;
				SWIFT_OPTIMIZATION_LEVEL = "-Onone";
			};
			name = Debug;
		};
		972470BC20A27F0100050DF7 /* Release */ = {
			isa = XCBuildConfiguration;
			buildSettings = {
				ALWAYS_SEARCH_USER_PATHS = NO;
				CLANG_ANALYZER_NONNULL = YES;
				CLANG_ANALYZER_NUMBER_OBJECT_CONVERSION = YES_AGGRESSIVE;
				CLANG_CXX_LANGUAGE_STANDARD = "gnu++14";
				CLANG_CXX_LIBRARY = "libc++";
				CLANG_ENABLE_MODULES = YES;
				CLANG_ENABLE_OBJC_ARC = YES;
				CLANG_ENABLE_OBJC_WEAK = YES;
				CLANG_WARN_BLOCK_CAPTURE_AUTORELEASING = YES;
				CLANG_WARN_BOOL_CONVERSION = YES;
				CLANG_WARN_COMMA = YES;
				CLANG_WARN_CONSTANT_CONVERSION = YES;
				CLANG_WARN_DEPRECATED_OBJC_IMPLEMENTATIONS = YES;
				CLANG_WARN_DIRECT_OBJC_ISA_USAGE = YES_ERROR;
				CLANG_WARN_DOCUMENTATION_COMMENTS = YES;
				CLANG_WARN_EMPTY_BODY = YES;
				CLANG_WARN_ENUM_CONVERSION = YES;
				CLANG_WARN_INFINITE_RECURSION = YES;
				CLANG_WARN_INT_CONVERSION = YES;
				CLANG_WARN_NON_LITERAL_NULL_CONVERSION = YES;
				CLANG_WARN_OBJC_IMPLICIT_RETAIN_SELF = YES;
				CLANG_WARN_OBJC_LITERAL_CONVERSION = YES;
				CLANG_WARN_OBJC_ROOT_CLASS = YES_ERROR;
				CLANG_WARN_RANGE_LOOP_ANALYSIS = YES;
				CLANG_WARN_STRICT_PROTOTYPES = YES;
				CLANG_WARN_SUSPICIOUS_MOVE = YES;
				CLANG_WARN_UNGUARDED_AVAILABILITY = YES_AGGRESSIVE;
				CLANG_WARN_UNREACHABLE_CODE = YES;
				CLANG_WARN__DUPLICATE_METHOD_MATCH = YES;
				CODE_SIGN_IDENTITY = "iPhone Developer";
				COPY_PHASE_STRIP = NO;
				DEBUG_INFORMATION_FORMAT = "dwarf-with-dsym";
				ENABLE_NS_ASSERTIONS = NO;
				ENABLE_STRICT_OBJC_MSGSEND = YES;
				GCC_C_LANGUAGE_STANDARD = gnu11;
				GCC_NO_COMMON_BLOCKS = YES;
				GCC_WARN_64_TO_32_BIT_CONVERSION = YES;
				GCC_WARN_ABOUT_RETURN_TYPE = YES_ERROR;
				GCC_WARN_UNDECLARED_SELECTOR = YES;
				GCC_WARN_UNINITIALIZED_AUTOS = YES_AGGRESSIVE;
				GCC_WARN_UNUSED_FUNCTION = YES;
				GCC_WARN_UNUSED_VARIABLE = YES;
				IPHONEOS_DEPLOYMENT_TARGET = 11.3;
				MTL_ENABLE_DEBUG_INFO = NO;
				SDKROOT = iphoneos;
				SWIFT_COMPILATION_MODE = wholemodule;
				SWIFT_OPTIMIZATION_LEVEL = "-O";
				VALIDATE_PRODUCT = YES;
			};
			name = Release;
		};
		972470BE20A27F0100050DF7 /* Debug */ = {
			isa = XCBuildConfiguration;
			baseConfigurationReference = F5CF389AEFFA9F85E06EAC04 /* Pods-Stormy.debug.xcconfig */;
			buildSettings = {
				ASSETCATALOG_COMPILER_APPICON_NAME = AppIcon;
				CODE_SIGN_STYLE = Automatic;
				DEVELOPMENT_TEAM = R9E84DX62H;
				INFOPLIST_FILE = Stormy/Info.plist;
				LD_RUNPATH_SEARCH_PATHS = (
					"$(inherited)",
					"@executable_path/Frameworks",
				);
				PRODUCT_BUNDLE_IDENTIFIER = com.teamtreehouse.Stormy;
				PRODUCT_NAME = "$(TARGET_NAME)";
				SWIFT_VERSION = 4.0;
				TARGETED_DEVICE_FAMILY = "1,2";
			};
			name = Debug;
		};
		972470BF20A27F0100050DF7 /* Release */ = {
			isa = XCBuildConfiguration;
			baseConfigurationReference = CF900A1CE28D22F29E816962 /* Pods-Stormy.release.xcconfig */;
			buildSettings = {
				ASSETCATALOG_COMPILER_APPICON_NAME = AppIcon;
				CODE_SIGN_STYLE = Automatic;
				DEVELOPMENT_TEAM = R9E84DX62H;
				INFOPLIST_FILE = Stormy/Info.plist;
				LD_RUNPATH_SEARCH_PATHS = (
					"$(inherited)",
					"@executable_path/Frameworks",
				);
				PRODUCT_BUNDLE_IDENTIFIER = com.teamtreehouse.Stormy;
				PRODUCT_NAME = "$(TARGET_NAME)";
				SWIFT_VERSION = 4.0;
				TARGETED_DEVICE_FAMILY = "1,2";
			};
			name = Release;
		};
/* End XCBuildConfiguration section */

/* Begin XCConfigurationList section */
		972470A620A27F0000050DF7 /* Build configuration list for PBXProject "Stormy" */ = {
			isa = XCConfigurationList;
			buildConfigurations = (
				972470BB20A27F0100050DF7 /* Debug */,
				972470BC20A27F0100050DF7 /* Release */,
			);
			defaultConfigurationIsVisible = 0;
			defaultConfigurationName = Release;
		};
		972470BD20A27F0100050DF7 /* Build configuration list for PBXNativeTarget "Stormy" */ = {
			isa = XCConfigurationList;
			buildConfigurations = (
				972470BE20A27F0100050DF7 /* Debug */,
				972470BF20A27F0100050DF7 /* Release */,
			);
			defaultConfigurationIsVisible = 0;
			defaultConfigurationName = Release;
		};
/* End XCConfigurationList section */
	};
	rootObject = 972470A320A27F0000050DF7 /* Project object */;
}
